// !$*UTF8*$!
{
	archiveVersion = 1;
	classes = {
	};
	objectVersion = 56;
	objects = {

/* Begin PBXBuildFile section */
		502109EA2A311317003B33E1 /* AppDelegate.swift in Sources */ = {isa = PBXBuildFile; fileRef = 502109E92A311317003B33E1 /* AppDelegate.swift */; };
		502109EC2A311317003B33E1 /* SceneDelegate.swift in Sources */ = {isa = PBXBuildFile; fileRef = 502109EB2A311317003B33E1 /* SceneDelegate.swift */; };
		502109EE2A311317003B33E1 /* ViewController.swift in Sources */ = {isa = PBXBuildFile; fileRef = 502109ED2A311317003B33E1 /* ViewController.swift */; };
		502109F12A311317003B33E1 /* Main.storyboard in Resources */ = {isa = PBXBuildFile; fileRef = 502109EF2A311317003B33E1 /* Main.storyboard */; };
		502109F32A311318003B33E1 /* Assets.xcassets in Resources */ = {isa = PBXBuildFile; fileRef = 502109F22A311318003B33E1 /* Assets.xcassets */; };
		502109F62A311318003B33E1 /* LaunchScreen.storyboard in Resources */ = {isa = PBXBuildFile; fileRef = 502109F42A311318003B33E1 /* LaunchScreen.storyboard */; };
		50210A012A311318003B33E1 /* PositiveChartTests.swift in Sources */ = {isa = PBXBuildFile; fileRef = 50210A002A311318003B33E1 /* PositiveChartTests.swift */; };
		50210A0B2A311318003B33E1 /* PositiveChartUITests.swift in Sources */ = {isa = PBXBuildFile; fileRef = 50210A0A2A311318003B33E1 /* PositiveChartUITests.swift */; };
		50210A0D2A311318003B33E1 /* PositiveChartUITestsLaunchTests.swift in Sources */ = {isa = PBXBuildFile; fileRef = 50210A0C2A311318003B33E1 /* PositiveChartUITestsLaunchTests.swift */; };
/* End PBXBuildFile section */

/* Begin PBXContainerItemProxy section */
		502109FD2A311318003B33E1 /* PBXContainerItemProxy */ = {
			isa = PBXContainerItemProxy;
			containerPortal = 502109DE2A311317003B33E1 /* Project object */;
			proxyType = 1;
			remoteGlobalIDString = 502109E52A311317003B33E1;
			remoteInfo = PositiveChart;
		};
		50210A072A311318003B33E1 /* PBXContainerItemProxy */ = {
			isa = PBXContainerItemProxy;
			containerPortal = 502109DE2A311317003B33E1 /* Project object */;
			proxyType = 1;
			remoteGlobalIDString = 502109E52A311317003B33E1;
			remoteInfo = PositiveChart;
		};
/* End PBXContainerItemProxy section */

/* Begin PBXFileReference section */
		502109E62A311317003B33E1 /* PositiveChart.app */ = {isa = PBXFileReference; explicitFileType = wrapper.application; includeInIndex = 0; path = PositiveChart.app; sourceTree = BUILT_PRODUCTS_DIR; };
		502109E92A311317003B33E1 /* AppDelegate.swift */ = {isa = PBXFileReference; lastKnownFileType = sourcecode.swift; path = AppDelegate.swift; sourceTree = "<group>"; };
		502109EB2A311317003B33E1 /* SceneDelegate.swift */ = {isa = PBXFileReference; lastKnownFileType = sourcecode.swift; path = SceneDelegate.swift; sourceTree = "<group>"; };
		502109ED2A311317003B33E1 /* ViewController.swift */ = {isa = PBXFileReference; lastKnownFileType = sourcecode.swift; path = ViewController.swift; sourceTree = "<group>"; };
		502109F02A311317003B33E1 /* Base */ = {isa = PBXFileReference; lastKnownFileType = file.storyboard; name = Base; path = Base.lproj/Main.storyboard; sourceTree = "<group>"; };
		502109F22A311318003B33E1 /* Assets.xcassets */ = {isa = PBXFileReference; lastKnownFileType = folder.assetcatalog; path = Assets.xcassets; sourceTree = "<group>"; };
		502109F52A311318003B33E1 /* Base */ = {isa = PBXFileReference; lastKnownFileType = file.storyboard; name = Base; path = Base.lproj/LaunchScreen.storyboard; sourceTree = "<group>"; };
		502109F72A311318003B33E1 /* Info.plist */ = {isa = PBXFileReference; lastKnownFileType = text.plist.xml; path = Info.plist; sourceTree = "<group>"; };
		502109FC2A311318003B33E1 /* PositiveChartTests.xctest */ = {isa = PBXFileReference; explicitFileType = wrapper.cfbundle; includeInIndex = 0; path = PositiveChartTests.xctest; sourceTree = BUILT_PRODUCTS_DIR; };
		50210A002A311318003B33E1 /* PositiveChartTests.swift */ = {isa = PBXFileReference; lastKnownFileType = sourcecode.swift; path = PositiveChartTests.swift; sourceTree = "<group>"; };
		50210A062A311318003B33E1 /* PositiveChartUITests.xctest */ = {isa = PBXFileReference; explicitFileType = wrapper.cfbundle; includeInIndex = 0; path = PositiveChartUITests.xctest; sourceTree = BUILT_PRODUCTS_DIR; };
		50210A0A2A311318003B33E1 /* PositiveChartUITests.swift */ = {isa = PBXFileReference; lastKnownFileType = sourcecode.swift; path = PositiveChartUITests.swift; sourceTree = "<group>"; };
		50210A0C2A311318003B33E1 /* PositiveChartUITestsLaunchTests.swift */ = {isa = PBXFileReference; lastKnownFileType = sourcecode.swift; path = PositiveChartUITestsLaunchTests.swift; sourceTree = "<group>"; };
/* End PBXFileReference section */

/* Begin PBXFrameworksBuildPhase section */
		502109E32A311317003B33E1 /* Frameworks */ = {
			isa = PBXFrameworksBuildPhase;
			buildActionMask = 2147483647;
			files = (
			);
			runOnlyForDeploymentPostprocessing = 0;
		};
		502109F92A311318003B33E1 /* Frameworks */ = {
			isa = PBXFrameworksBuildPhase;
			buildActionMask = 2147483647;
			files = (
			);
			runOnlyForDeploymentPostprocessing = 0;
		};
		50210A032A311318003B33E1 /* Frameworks */ = {
			isa = PBXFrameworksBuildPhase;
			buildActionMask = 2147483647;
			files = (
			);
			runOnlyForDeploymentPostprocessing = 0;
		};
/* End PBXFrameworksBuildPhase section */

/* Begin PBXGroup section */
		502109DD2A311317003B33E1 = {
			isa = PBXGroup;
			children = (
				502109E82A311317003B33E1 /* PositiveChart */,
				502109FF2A311318003B33E1 /* PositiveChartTests */,
				50210A092A311318003B33E1 /* PositiveChartUITests */,
				502109E72A311317003B33E1 /* Products */,
			);
			sourceTree = "<group>";
		};
		502109E72A311317003B33E1 /* Products */ = {
			isa = PBXGroup;
			children = (
				502109E62A311317003B33E1 /* PositiveChart.app */,
				502109FC2A311318003B33E1 /* PositiveChartTests.xctest */,
				50210A062A311318003B33E1 /* PositiveChartUITests.xctest */,
			);
			name = Products;
			sourceTree = "<group>";
		};
		502109E82A311317003B33E1 /* PositiveChart */ = {
			isa = PBXGroup;
			children = (
				502109E92A311317003B33E1 /* AppDelegate.swift */,
				502109EB2A311317003B33E1 /* SceneDelegate.swift */,
				502109ED2A311317003B33E1 /* ViewController.swift */,
				502109EF2A311317003B33E1 /* Main.storyboard */,
				502109F22A311318003B33E1 /* Assets.xcassets */,
				502109F42A311318003B33E1 /* LaunchScreen.storyboard */,
				502109F72A311318003B33E1 /* Info.plist */,
			);
			path = PositiveChart;
			sourceTree = "<group>";
		};
		502109FF2A311318003B33E1 /* PositiveChartTests */ = {
			isa = PBXGroup;
			children = (
				50210A002A311318003B33E1 /* PositiveChartTests.swift */,
			);
			path = PositiveChartTests;
			sourceTree = "<group>";
		};
		50210A092A311318003B33E1 /* PositiveChartUITests */ = {
			isa = PBXGroup;
			children = (
				50210A0A2A311318003B33E1 /* PositiveChartUITests.swift */,
				50210A0C2A311318003B33E1 /* PositiveChartUITestsLaunchTests.swift */,
			);
			path = PositiveChartUITests;
			sourceTree = "<group>";
		};
/* End PBXGroup section */

/* Begin PBXNativeTarget section */
		502109E52A311317003B33E1 /* PositiveChart */ = {
			isa = PBXNativeTarget;
			buildConfigurationList = 50210A102A311318003B33E1 /* Build configuration list for PBXNativeTarget "PositiveChart" */;
			buildPhases = (
				502109E22A311317003B33E1 /* Sources */,
				502109E32A311317003B33E1 /* Frameworks */,
				502109E42A311317003B33E1 /* Resources */,
			);
			buildRules = (
			);
			dependencies = (
			);
			name = PositiveChart;
			productName = PositiveChart;
			productReference = 502109E62A311317003B33E1 /* PositiveChart.app */;
			productType = "com.apple.product-type.application";
		};
		502109FB2A311318003B33E1 /* PositiveChartTests */ = {
			isa = PBXNativeTarget;
			buildConfigurationList = 50210A132A311318003B33E1 /* Build configuration list for PBXNativeTarget "PositiveChartTests" */;
			buildPhases = (
				502109F82A311318003B33E1 /* Sources */,
				502109F92A311318003B33E1 /* Frameworks */,
				502109FA2A311318003B33E1 /* Resources */,
			);
			buildRules = (
			);
			dependencies = (
				502109FE2A311318003B33E1 /* PBXTargetDependency */,
			);
			name = PositiveChartTests;
			productName = PositiveChartTests;
			productReference = 502109FC2A311318003B33E1 /* PositiveChartTests.xctest */;
			productType = "com.apple.product-type.bundle.unit-test";
		};
		50210A052A311318003B33E1 /* PositiveChartUITests */ = {
			isa = PBXNativeTarget;
			buildConfigurationList = 50210A162A311318003B33E1 /* Build configuration list for PBXNativeTarget "PositiveChartUITests" */;
			buildPhases = (
				50210A022A311318003B33E1 /* Sources */,
				50210A032A311318003B33E1 /* Frameworks */,
				50210A042A311318003B33E1 /* Resources */,
			);
			buildRules = (
			);
			dependencies = (
				50210A082A311318003B33E1 /* PBXTargetDependency */,
			);
			name = PositiveChartUITests;
			productName = PositiveChartUITests;
			productReference = 50210A062A311318003B33E1 /* PositiveChartUITests.xctest */;
			productType = "com.apple.product-type.bundle.ui-testing";
		};
/* End PBXNativeTarget section */

/* Begin PBXProject section */
		502109DE2A311317003B33E1 /* Project object */ = {
			isa = PBXProject;
			attributes = {
				BuildIndependentTargetsInParallel = 1;
				LastSwiftUpdateCheck = 1430;
				LastUpgradeCheck = 1430;
				TargetAttributes = {
					502109E52A311317003B33E1 = {
						CreatedOnToolsVersion = 14.3.1;
					};
					502109FB2A311318003B33E1 = {
						CreatedOnToolsVersion = 14.3.1;
						TestTargetID = 502109E52A311317003B33E1;
					};
					50210A052A311318003B33E1 = {
						CreatedOnToolsVersion = 14.3.1;
						TestTargetID = 502109E52A311317003B33E1;
					};
				};
			};
			buildConfigurationList = 502109E12A311317003B33E1 /* Build configuration list for PBXProject "PositiveChart" */;
			compatibilityVersion = "Xcode 14.0";
			developmentRegion = en;
			hasScannedForEncodings = 0;
			knownRegions = (
				en,
				Base,
			);
			mainGroup = 502109DD2A311317003B33E1;
			productRefGroup = 502109E72A311317003B33E1 /* Products */;
			projectDirPath = "";
			projectRoot = "";
			targets = (
				502109E52A311317003B33E1 /* PositiveChart */,
				502109FB2A311318003B33E1 /* PositiveChartTests */,
				50210A052A311318003B33E1 /* PositiveChartUITests */,
			);
		};
/* End PBXProject section */

/* Begin PBXResourcesBuildPhase section */
		502109E42A311317003B33E1 /* Resources */ = {
			isa = PBXResourcesBuildPhase;
			buildActionMask = 2147483647;
			files = (
				502109F62A311318003B33E1 /* LaunchScreen.storyboard in Resources */,
				502109F32A311318003B33E1 /* Assets.xcassets in Resources */,
				502109F12A311317003B33E1 /* Main.storyboard in Resources */,
			);
			runOnlyForDeploymentPostprocessing = 0;
		};
		502109FA2A311318003B33E1 /* Resources */ = {
			isa = PBXResourcesBuildPhase;
			buildActionMask = 2147483647;
			files = (
			);
			runOnlyForDeploymentPostprocessing = 0;
		};
		50210A042A311318003B33E1 /* Resources */ = {
			isa = PBXResourcesBuildPhase;
			buildActionMask = 2147483647;
			files = (
			);
			runOnlyForDeploymentPostprocessing = 0;
		};
/* End PBXResourcesBuildPhase section */

/* Begin PBXSourcesBuildPhase section */
		502109E22A311317003B33E1 /* Sources */ = {
			isa = PBXSourcesBuildPhase;
			buildActionMask = 2147483647;
			files = (
				502109EE2A311317003B33E1 /* ViewController.swift in Sources */,
				502109EA2A311317003B33E1 /* AppDelegate.swift in Sources */,
				502109EC2A311317003B33E1 /* SceneDelegate.swift in Sources */,
			);
			runOnlyForDeploymentPostprocessing = 0;
		};
		502109F82A311318003B33E1 /* Sources */ = {
			isa = PBXSourcesBuildPhase;
			buildActionMask = 2147483647;
			files = (
				50210A012A311318003B33E1 /* PositiveChartTests.swift in Sources */,
			);
			runOnlyForDeploymentPostprocessing = 0;
		};
		50210A022A311318003B33E1 /* Sources */ = {
			isa = PBXSourcesBuildPhase;
			buildActionMask = 2147483647;
			files = (
				50210A0D2A311318003B33E1 /* PositiveChartUITestsLaunchTests.swift in Sources */,
				50210A0B2A311318003B33E1 /* PositiveChartUITests.swift in Sources */,
			);
			runOnlyForDeploymentPostprocessing = 0;
		};
/* End PBXSourcesBuildPhase section */

/* Begin PBXTargetDependency section */
		502109FE2A311318003B33E1 /* PBXTargetDependency */ = {
			isa = PBXTargetDependency;
			target = 502109E52A311317003B33E1 /* PositiveChart */;
			targetProxy = 502109FD2A311318003B33E1 /* PBXContainerItemProxy */;
		};
		50210A082A311318003B33E1 /* PBXTargetDependency */ = {
			isa = PBXTargetDependency;
			target = 502109E52A311317003B33E1 /* PositiveChart */;
			targetProxy = 50210A072A311318003B33E1 /* PBXContainerItemProxy */;
		};
/* End PBXTargetDependency section */

/* Begin PBXVariantGroup section */
		502109EF2A311317003B33E1 /* Main.storyboard */ = {
			isa = PBXVariantGroup;
			children = (
				502109F02A311317003B33E1 /* Base */,
			);
			name = Main.storyboard;
			sourceTree = "<group>";
		};
		502109F42A311318003B33E1 /* LaunchScreen.storyboard */ = {
			isa = PBXVariantGroup;
			children = (
				502109F52A311318003B33E1 /* Base */,
			);
			name = LaunchScreen.storyboard;
			sourceTree = "<group>";
		};
/* End PBXVariantGroup section */

/* Begin XCBuildConfiguration section */
		50210A0E2A311318003B33E1 /* Debug */ = {
			isa = XCBuildConfiguration;
			buildSettings = {
				ALWAYS_SEARCH_USER_PATHS = NO;
				CLANG_ANALYZER_NONNULL = YES;
				CLANG_ANALYZER_NUMBER_OBJECT_CONVERSION = YES_AGGRESSIVE;
				CLANG_CXX_LANGUAGE_STANDARD = "gnu++20";
				CLANG_ENABLE_MODULES = YES;
				CLANG_ENABLE_OBJC_ARC = YES;
				CLANG_ENABLE_OBJC_WEAK = YES;
				CLANG_WARN_BLOCK_CAPTURE_AUTORELEASING = YES;
				CLANG_WARN_BOOL_CONVERSION = YES;
				CLANG_WARN_COMMA = YES;
				CLANG_WARN_CONSTANT_CONVERSION = YES;
				CLANG_WARN_DEPRECATED_OBJC_IMPLEMENTATIONS = YES;
				CLANG_WARN_DIRECT_OBJC_ISA_USAGE = YES_ERROR;
				CLANG_WARN_DOCUMENTATION_COMMENTS = YES;
				CLANG_WARN_EMPTY_BODY = YES;
				CLANG_WARN_ENUM_CONVERSION = YES;
				CLANG_WARN_INFINITE_RECURSION = YES;
				CLANG_WARN_INT_CONVERSION = YES;
				CLANG_WARN_NON_LITERAL_NULL_CONVERSION = YES;
				CLANG_WARN_OBJC_IMPLICIT_RETAIN_SELF = YES;
				CLANG_WARN_OBJC_LITERAL_CONVERSION = YES;
				CLANG_WARN_OBJC_ROOT_CLASS = YES_ERROR;
				CLANG_WARN_QUOTED_INCLUDE_IN_FRAMEWORK_HEADER = YES;
				CLANG_WARN_RANGE_LOOP_ANALYSIS = YES;
				CLANG_WARN_STRICT_PROTOTYPES = YES;
				CLANG_WARN_SUSPICIOUS_MOVE = YES;
				CLANG_WARN_UNGUARDED_AVAILABILITY = YES_AGGRESSIVE;
				CLANG_WARN_UNREACHABLE_CODE = YES;
				CLANG_WARN__DUPLICATE_METHOD_MATCH = YES;
				COPY_PHASE_STRIP = NO;
				DEBUG_INFORMATION_FORMAT = dwarf;
				ENABLE_STRICT_OBJC_MSGSEND = YES;
				ENABLE_TESTABILITY = YES;
				GCC_C_LANGUAGE_STANDARD = gnu11;
				GCC_DYNAMIC_NO_PIC = NO;
				GCC_NO_COMMON_BLOCKS = YES;
				GCC_OPTIMIZATION_LEVEL = 0;
				GCC_PREPROCESSOR_DEFINITIONS = (
					"DEBUG=1",
					"$(inherited)",
				);
				GCC_WARN_64_TO_32_BIT_CONVERSION = YES;
				GCC_WARN_ABOUT_RETURN_TYPE = YES_ERROR;
				GCC_WARN_UNDECLARED_SELECTOR = YES;
				GCC_WARN_UNINITIALIZED_AUTOS = YES_AGGRESSIVE;
				GCC_WARN_UNUSED_FUNCTION = YES;
				GCC_WARN_UNUSED_VARIABLE = YES;
				IPHONEOS_DEPLOYMENT_TARGET = 16.4;
				MTL_ENABLE_DEBUG_INFO = INCLUDE_SOURCE;
				MTL_FAST_MATH = YES;
				ONLY_ACTIVE_ARCH = YES;
				SDKROOT = iphoneos;
				SWIFT_ACTIVE_COMPILATION_CONDITIONS = DEBUG;
				SWIFT_OPTIMIZATION_LEVEL = "-Onone";
			};
			name = Debug;
		};
		50210A0F2A311318003B33E1 /* Release */ = {
			isa = XCBuildConfiguration;
			buildSettings = {
				ALWAYS_SEARCH_USER_PATHS = NO;
				CLANG_ANALYZER_NONNULL = YES;
				CLANG_ANALYZER_NUMBER_OBJECT_CONVERSION = YES_AGGRESSIVE;
				CLANG_CXX_LANGUAGE_STANDARD = "gnu++20";
				CLANG_ENABLE_MODULES = YES;
				CLANG_ENABLE_OBJC_ARC = YES;
				CLANG_ENABLE_OBJC_WEAK = YES;
				CLANG_WARN_BLOCK_CAPTURE_AUTORELEASING = YES;
				CLANG_WARN_BOOL_CONVERSION = YES;
				CLANG_WARN_COMMA = YES;
				CLANG_WARN_CONSTANT_CONVERSION = YES;
				CLANG_WARN_DEPRECATED_OBJC_IMPLEMENTATIONS = YES;
				CLANG_WARN_DIRECT_OBJC_ISA_USAGE = YES_ERROR;
				CLANG_WARN_DOCUMENTATION_COMMENTS = YES;
				CLANG_WARN_EMPTY_BODY = YES;
				CLANG_WARN_ENUM_CONVERSION = YES;
				CLANG_WARN_INFINITE_RECURSION = YES;
				CLANG_WARN_INT_CONVERSION = YES;
				CLANG_WARN_NON_LITERAL_NULL_CONVERSION = YES;
				CLANG_WARN_OBJC_IMPLICIT_RETAIN_SELF = YES;
				CLANG_WARN_OBJC_LITERAL_CONVERSION = YES;
				CLANG_WARN_OBJC_ROOT_CLASS = YES_ERROR;
				CLANG_WARN_QUOTED_INCLUDE_IN_FRAMEWORK_HEADER = YES;
				CLANG_WARN_RANGE_LOOP_ANALYSIS = YES;
				CLANG_WARN_STRICT_PROTOTYPES = YES;
				CLANG_WARN_SUSPICIOUS_MOVE = YES;
				CLANG_WARN_UNGUARDED_AVAILABILITY = YES_AGGRESSIVE;
				CLANG_WARN_UNREACHABLE_CODE = YES;
				CLANG_WARN__DUPLICATE_METHOD_MATCH = YES;
				COPY_PHASE_STRIP = NO;
				DEBUG_INFORMATION_FORMAT = "dwarf-with-dsym";
				ENABLE_NS_ASSERTIONS = NO;
				ENABLE_STRICT_OBJC_MSGSEND = YES;
				GCC_C_LANGUAGE_STANDARD = gnu11;
				GCC_NO_COMMON_BLOCKS = YES;
				GCC_WARN_64_TO_32_BIT_CONVERSION = YES;
				GCC_WARN_ABOUT_RETURN_TYPE = YES_ERROR;
				GCC_WARN_UNDECLARED_SELECTOR = YES;
				GCC_WARN_UNINITIALIZED_AUTOS = YES_AGGRESSIVE;
				GCC_WARN_UNUSED_FUNCTION = YES;
				GCC_WARN_UNUSED_VARIABLE = YES;
				IPHONEOS_DEPLOYMENT_TARGET = 16.4;
				MTL_ENABLE_DEBUG_INFO = NO;
				MTL_FAST_MATH = YES;
				SDKROOT = iphoneos;
				SWIFT_COMPILATION_MODE = wholemodule;
				SWIFT_OPTIMIZATION_LEVEL = "-O";
				VALIDATE_PRODUCT = YES;
			};
			name = Release;
		};
		50210A112A311318003B33E1 /* Debug */ = {
			isa = XCBuildConfiguration;
			buildSettings = {
				ASSETCATALOG_COMPILER_APPICON_NAME = AppIcon;
				ASSETCATALOG_COMPILER_GLOBAL_ACCENT_COLOR_NAME = AccentColor;
				CODE_SIGN_STYLE = Automatic;
				CURRENT_PROJECT_VERSION = 1;
				GENERATE_INFOPLIST_FILE = YES;
				INFOPLIST_FILE = PositiveChart/Info.plist;
				INFOPLIST_KEY_UIApplicationSupportsIndirectInputEvents = YES;
				INFOPLIST_KEY_UILaunchStoryboardName = LaunchScreen;
				INFOPLIST_KEY_UIMainStoryboardFile = Main;
				INFOPLIST_KEY_UISupportedInterfaceOrientations_iPad = "UIInterfaceOrientationPortrait UIInterfaceOrientationPortraitUpsideDown UIInterfaceOrientationLandscapeLeft UIInterfaceOrientationLandscapeRight";
				INFOPLIST_KEY_UISupportedInterfaceOrientations_iPhone = "UIInterfaceOrientationPortrait UIInterfaceOrientationLandscapeLeft UIInterfaceOrientationLandscapeRight";
				LD_RUNPATH_SEARCH_PATHS = (
					"$(inherited)",
					"@executable_path/Frameworks",
				);
				MARKETING_VERSION = 1.0;
				PRODUCT_BUNDLE_IDENTIFIER = com..PositiveChart;
				PRODUCT_NAME = "$(TARGET_NAME)";
				SWIFT_EMIT_LOC_STRINGS = YES;
				SWIFT_VERSION = 5.0;
				TARGETED_DEVICE_FAMILY = "1,2";
			};
			name = Debug;
		};
		50210A122A311318003B33E1 /* Release */ = {
			isa = XCBuildConfiguration;
			buildSettings = {
				ASSETCATALOG_COMPILER_APPICON_NAME = AppIcon;
				ASSETCATALOG_COMPILER_GLOBAL_ACCENT_COLOR_NAME = AccentColor;
				CODE_SIGN_STYLE = Automatic;
				CURRENT_PROJECT_VERSION = 1;
				GENERATE_INFOPLIST_FILE = YES;
				INFOPLIST_FILE = PositiveChart/Info.plist;
				INFOPLIST_KEY_UIApplicationSupportsIndirectInputEvents = YES;
				INFOPLIST_KEY_UILaunchStoryboardName = LaunchScreen;
				INFOPLIST_KEY_UIMainStoryboardFile = Main;
				INFOPLIST_KEY_UISupportedInterfaceOrientations_iPad = "UIInterfaceOrientationPortrait UIInterfaceOrientationPortraitUpsideDown UIInterfaceOrientationLandscapeLeft UIInterfaceOrientationLandscapeRight";
				INFOPLIST_KEY_UISupportedInterfaceOrientations_iPhone = "UIInterfaceOrientationPortrait UIInterfaceOrientationLandscapeLeft UIInterfaceOrientationLandscapeRight";
				LD_RUNPATH_SEARCH_PATHS = (
					"$(inherited)",
					"@executable_path/Frameworks",
				);
				MARKETING_VERSION = 1.0;
				PRODUCT_BUNDLE_IDENTIFIER = com..PositiveChart;
				PRODUCT_NAME = "$(TARGET_NAME)";
				SWIFT_EMIT_LOC_STRINGS = YES;
				SWIFT_VERSION = 5.0;
				TARGETED_DEVICE_FAMILY = "1,2";
			};
			name = Release;
		};
		50210A142A311318003B33E1 /* Debug */ = {
			isa = XCBuildConfiguration;
			buildSettings = {
				ALWAYS_EMBED_SWIFT_STANDARD_LIBRARIES = YES;
				BUNDLE_LOADER = "$(TEST_HOST)";
				CODE_SIGN_STYLE = Automatic;
				CURRENT_PROJECT_VERSION = 1;
				GENERATE_INFOPLIST_FILE = YES;
				IPHONEOS_DEPLOYMENT_TARGET = 16.4;
				MARKETING_VERSION = 1.0;
				PRODUCT_BUNDLE_IDENTIFIER = com..PositiveChartTests;
				PRODUCT_NAME = "$(TARGET_NAME)";
				SWIFT_EMIT_LOC_STRINGS = NO;
				SWIFT_VERSION = 5.0;
				TARGETED_DEVICE_FAMILY = "1,2";
				TEST_HOST = "$(BUILT_PRODUCTS_DIR)/PositiveChart.app/$(BUNDLE_EXECUTABLE_FOLDER_PATH)/PositiveChart";
			};
			name = Debug;
		};
		50210A152A311318003B33E1 /* Release */ = {
			isa = XCBuildConfiguration;
			buildSettings = {
				ALWAYS_EMBED_SWIFT_STANDARD_LIBRARIES = YES;
				BUNDLE_LOADER = "$(TEST_HOST)";
				CODE_SIGN_STYLE = Automatic;
				CURRENT_PROJECT_VERSION = 1;
				GENERATE_INFOPLIST_FILE = YES;
				IPHONEOS_DEPLOYMENT_TARGET = 16.4;
				MARKETING_VERSION = 1.0;
				PRODUCT_BUNDLE_IDENTIFIER = com..PositiveChartTests;
				PRODUCT_NAME = "$(TARGET_NAME)";
				SWIFT_EMIT_LOC_STRINGS = NO;
				SWIFT_VERSION = 5.0;
				TARGETED_DEVICE_FAMILY = "1,2";
				TEST_HOST = "$(BUILT_PRODUCTS_DIR)/PositiveChart.app/$(BUNDLE_EXECUTABLE_FOLDER_PATH)/PositiveChart";
			};
			name = Release;
		};
		50210A172A311318003B33E1 /* Debug */ = {
			isa = XCBuildConfiguration;
			buildSettings = {
				ALWAYS_EMBED_SWIFT_STANDARD_LIBRARIES = YES;
				CODE_SIGN_STYLE = Automatic;
				CURRENT_PROJECT_VERSION = 1;
				GENERATE_INFOPLIST_FILE = YES;
				MARKETING_VERSION = 1.0;
				PRODUCT_BUNDLE_IDENTIFIER = com..PositiveChartUITests;
				PRODUCT_NAME = "$(TARGET_NAME)";
				SWIFT_EMIT_LOC_STRINGS = NO;
				SWIFT_VERSION = 5.0;
				TARGETED_DEVICE_FAMILY = "1,2";
				TEST_TARGET_NAME = PositiveChart;
			};
			name = Debug;
		};
		50210A182A311318003B33E1 /* Release */ = {
			isa = XCBuildConfiguration;
			buildSettings = {
				ALWAYS_EMBED_SWIFT_STANDARD_LIBRARIES = YES;
				CODE_SIGN_STYLE = Automatic;
				CURRENT_PROJECT_VERSION = 1;
				GENERATE_INFOPLIST_FILE = YES;
				MARKETING_VERSION = 1.0;
				PRODUCT_BUNDLE_IDENTIFIER = com..PositiveChartUITests;
				PRODUCT_NAME = "$(TARGET_NAME)";
				SWIFT_EMIT_LOC_STRINGS = NO;
				SWIFT_VERSION = 5.0;
				TARGETED_DEVICE_FAMILY = "1,2";
				TEST_TARGET_NAME = PositiveChart;
			};
			name = Release;
		};
/* End XCBuildConfiguration section */

/* Begin XCConfigurationList section */
		502109E12A311317003B33E1 /* Build configuration list for PBXProject "PositiveChart" */ = {
			isa = XCConfigurationList;
			buildConfigurations = (
				50210A0E2A311318003B33E1 /* Debug */,
				50210A0F2A311318003B33E1 /* Release */,
			);
			defaultConfigurationIsVisible = 0;
			defaultConfigurationName = Release;
		};
		50210A102A311318003B33E1 /* Build configuration list for PBXNativeTarget "PositiveChart" */ = {
			isa = XCConfigurationList;
			buildConfigurations = (
				50210A112A311318003B33E1 /* Debug */,
				50210A122A311318003B33E1 /* Release */,
			);
			defaultConfigurationIsVisible = 0;
			defaultConfigurationName = Release;
		};
		50210A132A311318003B33E1 /* Build configuration list for PBXNativeTarget "PositiveChartTests" */ = {
			isa = XCConfigurationList;
			buildConfigurations = (
				50210A142A311318003B33E1 /* Debug */,
				50210A152A311318003B33E1 /* Release */,
			);
			defaultConfigurationIsVisible = 0;
			defaultConfigurationName = Release;
		};
		50210A162A311318003B33E1 /* Build configuration list for PBXNativeTarget "PositiveChartUITests" */ = {
			isa = XCConfigurationList;
			buildConfigurations = (
				50210A172A311318003B33E1 /* Debug */,
				50210A182A311318003B33E1 /* Release */,
			);
			defaultConfigurationIsVisible = 0;
			defaultConfigurationName = Release;
		};
/* End XCConfigurationList section */
	};
	rootObject = 502109DE2A311317003B33E1 /* Project object */;
}
